
Microsoft Visual Studio Solution File, Format Version 12.00
# Visual Studio Version 17
VisualStudioVersion = 17.10.34928.147
MinimumVisualStudioVersion = 10.0.40219.1
Project("{9A19103F-16F7-4668-BE54-9A1E7A4F7556}") = "MagicVilla_API", "MagicVilla_API\MagicVilla_API.csproj", "{7D890E05-76E5-4B86-9D28-C9A754BD2A7D}"
EndProject
Project("{9A19103F-16F7-4668-BE54-9A1E7A4F7556}") = "MagicVilla_Web", "MagicVilla_Web\MagicVilla_Web.csproj", "{67D1BC1C-C50A-4111-80FE-5FA1C33D437A}"
EndProject
Project("{FAE04EC0-301F-11D3-BF4B-00C04F79EFBC}") = "MagicVilla_Utility", "MagicVilla_Utility\MagicVilla_Utility.csproj", "{67232632-251D-4AAE-9E5D-B8053A499A84}"
EndProject
Global
	GlobalSection(SolutionConfigurationPlatforms) = preSolution
		Debug|Any CPU = Debug|Any CPU
		Release|Any CPU = Release|Any CPU
	EndGlobalSection
	GlobalSection(ProjectConfigurationPlatforms) = postSolution
		{7D890E05-76E5-4B86-9D28-C9A754BD2A7D}.Debug|Any CPU.ActiveCfg = Debug|Any CPU
		{7D890E05-76E5-4B86-9D28-C9A754BD2A7D}.Debug|Any CPU.Build.0 = Debug|Any CPU
		{7D890E05-76E5-4B86-9D28-C9A754BD2A7D}.Release|Any CPU.ActiveCfg = Release|Any CPU
		{7D890E05-76E5-4B86-9D28-C9A754BD2A7D}.Release|Any CPU.Build.0 = Release|Any CPU
		{67D1BC1C-C50A-4111-80FE-5FA1C33D437A}.Debug|Any CPU.ActiveCfg = Debug|Any CPU
		{67D1BC1C-C50A-4111-80FE-5FA1C33D437A}.Debug|Any CPU.Build.0 = Debug|Any CPU
		{67D1BC1C-C50A-4111-80FE-5FA1C33D437A}.Release|Any CPU.ActiveCfg = Release|Any CPU
		{67D1BC1C-C50A-4111-80FE-5FA1C33D437A}.Release|Any CPU.Build.0 = Release|Any CPU
		{67232632-251D-4AAE-9E5D-B8053A499A84}.Debug|Any CPU.ActiveCfg = Debug|Any CPU
		{67232632-251D-4AAE-9E5D-B8053A499A84}.Debug|Any CPU.Build.0 = Debug|Any CPU
		{67232632-251D-4AAE-9E5D-B8053A499A84}.Release|Any CPU.ActiveCfg = Release|Any CPU
		{67232632-251D-4AAE-9E5D-B8053A499A84}.Release|Any CPU.Build.0 = Release|Any CPU
	EndGlobalSection
	GlobalSection(SolutionProperties) = preSolution
		HideSolutionNode = FALSE
	EndGlobalSection
	GlobalSection(ExtensibilityGlobals) = postSolution
		SolutionGuid = {D0995976-7B50-4723-8FD1-977291049004}
	EndGlobalSection
EndGlobal
